id: quest_hsinchu_hsinchu_station_clock
title: "新竹老驛舍的巴洛克鐘"
description: "老驛舍巴洛克鐘樓的齒輪咬合不穩，協助尋找精密黃銅機件並由老司機協助更換，確保火車準時出發。"
difficulty: 2
era: "v3.0"
scope:
- hsinchu_city
settlement: hsinchu_city
objectives:
- id: obj_quest_hsinchu_hsinchu_station_clock
  npc: npc_hsinchu_engineer_shih
  ask_topic: "歷史"
  description: "向工程師施先生請教黃銅機件"
completion_reward:
  exp: 400
  reputation: 25
